{
  "version": 4,
  "terraform_version": "1.7.1",
  "serial": 253,
  "lineage": "ebed996e-d6f5-5dc0-bbd9-51a89b155f1e",
  "outputs": {},
  "resources": [
    {
      "mode": "managed",
      "type": "aws_instance",
      "name": "bastion",
      "provider": "provider[\"registry.terraform.io/hashicorp/aws\"]",
      "instances": [
        {
          "schema_version": 1,
          "attributes": {
            "ami": "ami-053b0d53c279acc90",
            "arn": "arn:aws:ec2:us-east-1:590183931315:instance/i-006fdea22d2cf9c6e",
            "associate_public_ip_address": true,
            "availability_zone": "us-east-1a",
            "capacity_reservation_specification": [
              {
                "capacity_reservation_preference": "open",
                "capacity_reservation_target": []
              }
            ],
            "cpu_core_count": 1,
            "cpu_options": [
              {
                "amd_sev_snp": "",
                "core_count": 1,
                "threads_per_core": 1
              }
            ],
            "cpu_threads_per_core": 1,
            "credit_specification": [
              {
                "cpu_credits": "standard"
              }
            ],
            "disable_api_stop": false,
            "disable_api_termination": false,
            "ebs_block_device": [],
            "ebs_optimized": false,
            "enclave_options": [
              {
                "enabled": false
              }
            ],
            "ephemeral_block_device": [],
            "get_password_data": false,
            "hibernation": false,
            "host_id": "",
            "host_resource_group_arn": null,
            "iam_instance_profile": "",
            "id": "i-006fdea22d2cf9c6e",
            "instance_initiated_shutdown_behavior": "stop",
            "instance_lifecycle": "",
            "instance_market_options": [],
            "instance_state": "running",
            "instance_type": "t2.micro",
            "ipv6_address_count": 0,
            "ipv6_addresses": [],
            "key_name": "private_key_pair",
            "launch_template": [],
            "maintenance_options": [
              {
                "auto_recovery": "default"
              }
            ],
            "metadata_options": [
              {
                "http_endpoint": "enabled",
                "http_protocol_ipv6": "disabled",
                "http_put_response_hop_limit": 1,
                "http_tokens": "optional",
                "instance_metadata_tags": "disabled"
              }
            ],
            "monitoring": false,
            "network_interface": [],
            "outpost_arn": "",
            "password_data": "",
            "placement_group": "",
            "placement_partition_number": 0,
            "primary_network_interface_id": "eni-0233ad36c1d3ad4cb",
            "private_dns": "ip-10-0-1-59.ec2.internal",
            "private_dns_name_options": [
              {
                "enable_resource_name_dns_a_record": false,
                "enable_resource_name_dns_aaaa_record": false,
                "hostname_type": "ip-name"
              }
            ],
            "private_ip": "10.0.1.59",
            "public_dns": "ec2-54-91-2-193.compute-1.amazonaws.com",
            "public_ip": "54.91.2.193",
            "root_block_device": [
              {
                "delete_on_termination": true,
                "device_name": "/dev/sda1",
                "encrypted": false,
                "iops": 100,
                "kms_key_id": "",
                "tags": {},
                "throughput": 0,
                "volume_id": "vol-07958e3a4615c3fde",
                "volume_size": 8,
                "volume_type": "gp2"
              }
            ],
            "secondary_private_ips": [],
            "security_groups": [],
            "source_dest_check": true,
            "spot_instance_request_id": "",
            "subnet_id": "subnet-037add8005444d895",
            "tags": {
              "Name": "bastion"
            },
            "tags_all": {
              "Name": "bastion"
            },
            "tenancy": "default",
            "timeouts": null,
            "user_data": null,
            "user_data_base64": null,
            "user_data_replace_on_change": false,
            "volume_tags": null,
            "vpc_security_group_ids": [
              "sg-0933f8db6165c2bb9"
            ]
          },
          "sensitive_attributes": [],
          "private": "eyJlMmJmYjczMC1lY2FhLTExZTYtOGY4OC0zNDM2M2JjN2M0YzAiOnsiY3JlYXRlIjo2MDAwMDAwMDAwMDAsImRlbGV0ZSI6MTIwMDAwMDAwMDAwMCwidXBkYXRlIjo2MDAwMDAwMDAwMDB9LCJzY2hlbWFfdmVyc2lvbiI6IjEifQ==",
          "dependencies": [
            "module.eks.aws_security_group.worker_sg",
            "module.network.aws_subnet.public_subnet_1",
            "module.network.aws_vpc.myvpc"
          ]
        }
      ]
    },
    {
      "mode": "managed",
      "type": "aws_key_pair",
      "name": "public_key_pair",
      "provider": "provider[\"registry.terraform.io/hashicorp/aws\"]",
      "instances": [
        {
          "schema_version": 1,
          "attributes": {
            "arn": "arn:aws:ec2:us-east-1:590183931315:key-pair/private_key_pair",
            "fingerprint": "4c:bf:b3:9e:f0:4d:d1:79:b8:37:34:8e:c6:e0:2c:d7",
            "id": "private_key_pair",
            "key_name": "private_key_pair",
            "key_name_prefix": "",
            "key_pair_id": "key-0cd2452f4fa02ea77",
            "key_type": "rsa",
            "public_key": "ssh-rsa AAAAB3NzaC1yc2EAAAADAQABAAABAQCs6Npch/eG8R6/ov5/OKt92SXCKaYMiyN0xeoiSSQQ0KQbpDJwgtNXOQJZY2TsL9iw3J+WQbLgSNf1ZKilRjRwQxad09gnp3R4a0OffDPMxgyyJfb/TgUXdDH4HGXHZazNC0maqeVCjBJzHFBFQcHu1JdhgOELZAbTb8Dpl3Fgo3otJG8CXSBiJWZJP57CoZWR3ElBt9O7sw6Hosj5NZj4XyL7Y5FeiS1fiAd/h8muZjB6XRd8OLQUUP5FG67lzfpKO67ICaao2jo/QbaZW/iOpaFIyxnMb+mUiBuKDrMMnVOHTnURbViJyTgUXN6WMzH2UN95iCK825hbXIKEqKrf",
            "tags": null,
            "tags_all": {}
          },
          "sensitive_attributes": [],
          "private": "eyJzY2hlbWFfdmVyc2lvbiI6IjEifQ==",
          "dependencies": [
            "tls_private_key.private_key_pair"
          ]
        }
      ]
    },
    {
      "mode": "managed",
      "type": "aws_secretsmanager_secret",
      "name": "private_key",
      "provider": "provider[\"registry.terraform.io/hashicorp/aws\"]",
      "instances": [
        {
          "schema_version": 0,
          "attributes": {
            "arn": "arn:aws:secretsmanager:us-east-1:590183931315:secret:private-key-XP0qPQ",
            "description": "ssh key",
            "force_overwrite_replica_secret": false,
            "id": "arn:aws:secretsmanager:us-east-1:590183931315:secret:private-key-XP0qPQ",
            "kms_key_id": "",
            "name": "private-key",
            "name_prefix": "",
            "policy": "",
            "recovery_window_in_days": 0,
            "replica": [],
            "tags": null,
            "tags_all": {}
          },
          "sensitive_attributes": [],
          "private": "bnVsbA=="
        }
      ]
    },
    {
      "mode": "managed",
      "type": "aws_secretsmanager_secret",
      "name": "public_key",
      "provider": "provider[\"registry.terraform.io/hashicorp/aws\"]",
      "instances": [
        {
          "schema_version": 0,
          "attributes": {
            "arn": "arn:aws:secretsmanager:us-east-1:590183931315:secret:public-key-yHaEvM",
            "description": " public key",
            "force_overwrite_replica_secret": false,
            "id": "arn:aws:secretsmanager:us-east-1:590183931315:secret:public-key-yHaEvM",
            "kms_key_id": "",
            "name": "public-key",
            "name_prefix": "",
            "policy": "",
            "recovery_window_in_days": 0,
            "replica": [],
            "tags": null,
            "tags_all": {}
          },
          "sensitive_attributes": [],
          "private": "bnVsbA=="
        }
      ]
    },
    {
      "mode": "managed",
      "type": "aws_secretsmanager_secret_version",
      "name": "public_key_value",
      "provider": "provider[\"registry.terraform.io/hashicorp/aws\"]",
      "instances": [
        {
          "schema_version": 0,
          "attributes": {
            "arn": "arn:aws:secretsmanager:us-east-1:590183931315:secret:public-key-yHaEvM",
            "id": "arn:aws:secretsmanager:us-east-1:590183931315:secret:public-key-yHaEvM|terraform-20240201161148699600000003",
            "secret_binary": "",
            "secret_id": "arn:aws:secretsmanager:us-east-1:590183931315:secret:public-key-yHaEvM",
            "secret_string": "ssh-rsa AAAAB3NzaC1yc2EAAAADAQABAAABAQCs6Npch/eG8R6/ov5/OKt92SXCKaYMiyN0xeoiSSQQ0KQbpDJwgtNXOQJZY2TsL9iw3J+WQbLgSNf1ZKilRjRwQxad09gnp3R4a0OffDPMxgyyJfb/TgUXdDH4HGXHZazNC0maqeVCjBJzHFBFQcHu1JdhgOELZAbTb8Dpl3Fgo3otJG8CXSBiJWZJP57CoZWR3ElBt9O7sw6Hosj5NZj4XyL7Y5FeiS1fiAd/h8muZjB6XRd8OLQUUP5FG67lzfpKO67ICaao2jo/QbaZW/iOpaFIyxnMb+mUiBuKDrMMnVOHTnURbViJyTgUXN6WMzH2UN95iCK825hbXIKEqKrf",
            "version_id": "terraform-20240201161148699600000003",
            "version_stages": [
              "AWSCURRENT"
            ]
          },
          "sensitive_attributes": [],
          "private": "bnVsbA==",
          "dependencies": [
            "aws_key_pair.public_key_pair",
            "aws_secretsmanager_secret.public_key",
            "tls_private_key.private_key_pair"
          ]
        }
      ]
    },
    {
      "mode": "managed",
      "type": "aws_secretsmanager_secret_version",
      "name": "secret_key_value",
      "provider": "provider[\"registry.terraform.io/hashicorp/aws\"]",
      "instances": [
        {
          "schema_version": 0,
          "attributes": {
            "arn": "arn:aws:secretsmanager:us-east-1:590183931315:secret:private-key-XP0qPQ",
            "id": "arn:aws:secretsmanager:us-east-1:590183931315:secret:private-key-XP0qPQ|terraform-20240201161148746900000004",
            "secret_binary": "",
            "secret_id": "arn:aws:secretsmanager:us-east-1:590183931315:secret:private-key-XP0qPQ",
            "secret_string": "-----BEGIN RSA PRIVATE KEY-----\nMIIEogIBAAKCAQEArOjaXIf3hvEev6L+fzirfdklwimmDIsjdMXqIkkkENCkG6Qy\ncILTVzkCWWNk7C/YsNyflkGy4EjX9WSopUY0cEMWndPYJ6d0eGtDn3wzzMYMsiX2\n/04FF3Qx+Bxlx2WszQtJmqnlQowScxxQRUHB7tSXYYDhC2QG02/A6ZdxYKN6LSRv\nAl0gYiVmST+ewqGVkdxJQbfTu7MOh6LI+TWY+F8i+2ORXoktX4gHf4fJrmYwel0X\nfDi0FFD+RRuu5c36SjuuyAmmqNo6P0G2mVv4jqWhSMsZzG/plIgbig6zDJ1Th051\nEW1Yick4FFzeljMx9lDfeYgivNuYW1yChKiq3wIDAQABAoIBAH9zZ7k6055YztRs\n3XCDIg0yaV2T+3xVdv4VAD7jcL0gPUbOogtCs2sgb3XaCML7hZrgFJXZuXMO3nhY\nCONCO1bgbKRLSZH5IaW9UuwUzc3L0gHicAzBwokGMerza6YtcND21/sz7fQ+cT7+\nCMDz9nIHq8nICJmv0kQ5pJXJ9l1HDEpFd7JdVV2CfWwBxm+I2mqb2u0sngEf4hpb\nXbiL11Tuvjj34ZDbKDB4Uf1isjFQ4CXmG5hwBNDG6S/PjGObOP/VONQ8a82GFXax\n/+xvYyLhnyEPsxQZF4jnH/mzWYDsShbFRWRc4V/KtCXhr79AOMVkhZ9w7aXCy3QV\ntK3HLLkCgYEAyVoFruVo+NrneedUK0/aVrbvbzNNlJuI9p+LeluG0izoq2CwoQ9T\nILTs1CQMwFQ23hLX+TdwghigmT+B9dM+a+N8W2Lt4BVHWzfE5JdlDzTuYI2Jncmk\ndm8ld9fnx+VmxoWVWFF3UP6NTd7ikcYqJApEG3zOyqoIF2BRns59gLUCgYEA29aq\nrqsRkVZ0vbqZeLrxzN9VOK15jOgpGec5iSdtlV+Xn/4rPQqYcEmJ/auYCYxdaJ2S\nqpGFGl60iJ6jmvcvmJo8TIZCrb0AAgclXZ/X/zLYgbxu5QKAmjq7toqorJuVpjB5\nC+kA9q7MVIijLTUFim3bqot3fiQcUSYGg28ivcMCgYA1dWk83jvYloYOn5SBS1o0\n260GYSCf7AuZLxLhEZviAXpkxe8fU+pGLMMUL94S0kke/PHKgSWl5NP+3BWtJsDT\n9Dn4KXPuorenSE9GQcvbFbqUd/+pnPfFWg0gnHo1YHrBCoZ0RGzhXDQ4EI0nFu3p\nU7Bxe9mLhUlQq4oAF+LKYQKBgHlrfkgM2h4g10e3WW6yKj0SmPo97iWiUJkq+b9E\nFKVs780BUBZd1MYoB9wgu0+CxFC0vz4QM6jV5/aRUCGWJyatAWLuwMM+4VM9aSjl\n0SH1jllRnxpDoI4OpID04qa7JBNvMFwgrFSTRO3nreCZKV9EwA/ZCf2UqkMzsmND\nrbeLAoGAUYLwGgLlEGkCc+G5cFSSoTj3rRnRfkBzdf74XMfIMc+UFnQ1Vb1SScgX\nfbRFjM9rNYFBWznttg7zcw9dr6Cr47TwyA/YJZNTpNtZRs/YdDt04t3v1jRpPTX6\n4mZ7AlgGd2jlllWpMOHGSddHhZgv3vfdL0i0EOW1rZ9u5Kh2LN4=\n-----END RSA PRIVATE KEY-----\n",
            "version_id": "terraform-20240201161148746900000004",
            "version_stages": [
              "AWSCURRENT"
            ]
          },
          "sensitive_attributes": [
            [
              {
                "type": "get_attr",
                "value": "secret_string"
              }
            ]
          ],
          "private": "bnVsbA==",
          "dependencies": [
            "aws_secretsmanager_secret.private_key",
            "tls_private_key.private_key_pair"
          ]
        }
      ]
    },
    {
      "mode": "managed",
      "type": "aws_security_group",
      "name": "allow_ssh",
      "provider": "provider[\"registry.terraform.io/hashicorp/aws\"]",
      "instances": [
        {
          "schema_version": 1,
          "attributes": {
            "arn": "arn:aws:ec2:us-east-1:590183931315:security-group/sg-08c708b2099b0dca6",
            "description": "Allow ssh inbound traffic",
            "egress": [
              {
                "cidr_blocks": [
                  "0.0.0.0/0"
                ],
                "description": "",
                "from_port": 0,
                "ipv6_cidr_blocks": [],
                "prefix_list_ids": [],
                "protocol": "-1",
                "security_groups": [],
                "self": false,
                "to_port": 0
              }
            ],
            "id": "sg-08c708b2099b0dca6",
            "ingress": [
              {
                "cidr_blocks": [
                  "0.0.0.0/0"
                ],
                "description": "SSH from VPC",
                "from_port": 22,
                "ipv6_cidr_blocks": [],
                "prefix_list_ids": [],
                "protocol": "tcp",
                "security_groups": [],
                "self": false,
                "to_port": 22
              }
            ],
            "name": "allow_ssh",
            "name_prefix": "",
            "owner_id": "590183931315",
            "revoke_rules_on_delete": false,
            "tags": {
              "Name": "allow_ssh"
            },
            "tags_all": {
              "Name": "allow_ssh"
            },
            "timeouts": null,
            "vpc_id": "vpc-0f28fe8fd3134749a"
          },
          "sensitive_attributes": [],
          "private": "eyJlMmJmYjczMC1lY2FhLTExZTYtOGY4OC0zNDM2M2JjN2M0YzAiOnsiY3JlYXRlIjo2MDAwMDAwMDAwMDAsImRlbGV0ZSI6OTAwMDAwMDAwMDAwfSwic2NoZW1hX3ZlcnNpb24iOiIxIn0=",
          "dependencies": [
            "module.network.aws_vpc.myvpc"
          ]
        }
      ]
    },
    {
      "mode": "managed",
      "type": "local_file",
      "name": "private-key",
      "provider": "provider[\"registry.terraform.io/hashicorp/local\"]",
      "instances": [
        {
          "schema_version": 0,
          "attributes": {
            "content": "-----BEGIN RSA PRIVATE KEY-----\nMIIEogIBAAKCAQEArOjaXIf3hvEev6L+fzirfdklwimmDIsjdMXqIkkkENCkG6Qy\ncILTVzkCWWNk7C/YsNyflkGy4EjX9WSopUY0cEMWndPYJ6d0eGtDn3wzzMYMsiX2\n/04FF3Qx+Bxlx2WszQtJmqnlQowScxxQRUHB7tSXYYDhC2QG02/A6ZdxYKN6LSRv\nAl0gYiVmST+ewqGVkdxJQbfTu7MOh6LI+TWY+F8i+2ORXoktX4gHf4fJrmYwel0X\nfDi0FFD+RRuu5c36SjuuyAmmqNo6P0G2mVv4jqWhSMsZzG/plIgbig6zDJ1Th051\nEW1Yick4FFzeljMx9lDfeYgivNuYW1yChKiq3wIDAQABAoIBAH9zZ7k6055YztRs\n3XCDIg0yaV2T+3xVdv4VAD7jcL0gPUbOogtCs2sgb3XaCML7hZrgFJXZuXMO3nhY\nCONCO1bgbKRLSZH5IaW9UuwUzc3L0gHicAzBwokGMerza6YtcND21/sz7fQ+cT7+\nCMDz9nIHq8nICJmv0kQ5pJXJ9l1HDEpFd7JdVV2CfWwBxm+I2mqb2u0sngEf4hpb\nXbiL11Tuvjj34ZDbKDB4Uf1isjFQ4CXmG5hwBNDG6S/PjGObOP/VONQ8a82GFXax\n/+xvYyLhnyEPsxQZF4jnH/mzWYDsShbFRWRc4V/KtCXhr79AOMVkhZ9w7aXCy3QV\ntK3HLLkCgYEAyVoFruVo+NrneedUK0/aVrbvbzNNlJuI9p+LeluG0izoq2CwoQ9T\nILTs1CQMwFQ23hLX+TdwghigmT+B9dM+a+N8W2Lt4BVHWzfE5JdlDzTuYI2Jncmk\ndm8ld9fnx+VmxoWVWFF3UP6NTd7ikcYqJApEG3zOyqoIF2BRns59gLUCgYEA29aq\nrqsRkVZ0vbqZeLrxzN9VOK15jOgpGec5iSdtlV+Xn/4rPQqYcEmJ/auYCYxdaJ2S\nqpGFGl60iJ6jmvcvmJo8TIZCrb0AAgclXZ/X/zLYgbxu5QKAmjq7toqorJuVpjB5\nC+kA9q7MVIijLTUFim3bqot3fiQcUSYGg28ivcMCgYA1dWk83jvYloYOn5SBS1o0\n260GYSCf7AuZLxLhEZviAXpkxe8fU+pGLMMUL94S0kke/PHKgSWl5NP+3BWtJsDT\n9Dn4KXPuorenSE9GQcvbFbqUd/+pnPfFWg0gnHo1YHrBCoZ0RGzhXDQ4EI0nFu3p\nU7Bxe9mLhUlQq4oAF+LKYQKBgHlrfkgM2h4g10e3WW6yKj0SmPo97iWiUJkq+b9E\nFKVs780BUBZd1MYoB9wgu0+CxFC0vz4QM6jV5/aRUCGWJyatAWLuwMM+4VM9aSjl\n0SH1jllRnxpDoI4OpID04qa7JBNvMFwgrFSTRO3nreCZKV9EwA/ZCf2UqkMzsmND\nrbeLAoGAUYLwGgLlEGkCc+G5cFSSoTj3rRnRfkBzdf74XMfIMc+UFnQ1Vb1SScgX\nfbRFjM9rNYFBWznttg7zcw9dr6Cr47TwyA/YJZNTpNtZRs/YdDt04t3v1jRpPTX6\n4mZ7AlgGd2jlllWpMOHGSddHhZgv3vfdL0i0EOW1rZ9u5Kh2LN4=\n-----END RSA PRIVATE KEY-----\n",
            "content_base64": null,
            "content_base64sha256": "UI2wj3QtwPRqZTkzluuDwQpkJBgs8s6EHFhzDPWn1V4=",
            "content_base64sha512": "nRVV2KTe+5RrCfbIiMz4YDO14aCwaSlARMBanX6rtuGWs3amqxVzGQgcYXMGaBaiFpmA+/T+ks5Uc9Gg1a1H8g==",
            "content_md5": "658a35d65e359ef68a81b19886983eae",
            "content_sha1": "4778be3ec305ba1b6a792100dd2a622023882cc6",
            "content_sha256": "508db08f742dc0f46a65393396eb83c10a6424182cf2ce841c58730cf5a7d55e",
            "content_sha512": "9d1555d8a4defb946b09f6c888ccf86033b5e1a0b069294044c05a9d7eabb6e196b376a6ab157319081c6173066816a2169980fbf4fe92ce5473d1a0d5ad47f2",
            "directory_permission": "0777",
            "file_permission": "0777",
            "filename": "private_key_pair.pem",
            "id": "4778be3ec305ba1b6a792100dd2a622023882cc6",
            "sensitive_content": null,
            "source": null
          },
          "sensitive_attributes": [
            [
              {
                "type": "get_attr",
                "value": "content"
              }
            ]
          ],
          "dependencies": [
            "tls_private_key.private_key_pair"
          ]
        }
      ]
    },
    {
      "mode": "managed",
      "type": "tls_private_key",
      "name": "private_key_pair",
      "provider": "provider[\"registry.terraform.io/hashicorp/tls\"]",
      "instances": [
        {
          "schema_version": 1,
          "attributes": {
            "algorithm": "RSA",
            "ecdsa_curve": "P224",
            "id": "5c45d96782464b183705bb4044472a353cd5eded",
            "private_key_openssh": "-----BEGIN OPENSSH PRIVATE KEY-----\nb3BlbnNzaC1rZXktdjEAAAAABG5vbmUAAAAEbm9uZQAAAAAAAAABAAABFwAAAAdz\nc2gtcnNhAAAAAwEAAQAAAQEArOjaXIf3hvEev6L+fzirfdklwimmDIsjdMXqIkkk\nENCkG6QycILTVzkCWWNk7C/YsNyflkGy4EjX9WSopUY0cEMWndPYJ6d0eGtDn3wz\nzMYMsiX2/04FF3Qx+Bxlx2WszQtJmqnlQowScxxQRUHB7tSXYYDhC2QG02/A6Zdx\nYKN6LSRvAl0gYiVmST+ewqGVkdxJQbfTu7MOh6LI+TWY+F8i+2ORXoktX4gHf4fJ\nrmYwel0XfDi0FFD+RRuu5c36SjuuyAmmqNo6P0G2mVv4jqWhSMsZzG/plIgbig6z\nDJ1Th051EW1Yick4FFzeljMx9lDfeYgivNuYW1yChKiq3wAAA7hkfnq7ZH56uwAA\nAAdzc2gtcnNhAAABAQCs6Npch/eG8R6/ov5/OKt92SXCKaYMiyN0xeoiSSQQ0KQb\npDJwgtNXOQJZY2TsL9iw3J+WQbLgSNf1ZKilRjRwQxad09gnp3R4a0OffDPMxgyy\nJfb/TgUXdDH4HGXHZazNC0maqeVCjBJzHFBFQcHu1JdhgOELZAbTb8Dpl3Fgo3ot\nJG8CXSBiJWZJP57CoZWR3ElBt9O7sw6Hosj5NZj4XyL7Y5FeiS1fiAd/h8muZjB6\nXRd8OLQUUP5FG67lzfpKO67ICaao2jo/QbaZW/iOpaFIyxnMb+mUiBuKDrMMnVOH\nTnURbViJyTgUXN6WMzH2UN95iCK825hbXIKEqKrfAAAAAwEAAQAAAQB/c2e5OtOe\nWM7UbN1wgyINMmldk/t8VXb+FQA+43C9ID1GzqILQrNrIG912gjC+4Wa4BSV2blz\nDt54WAjjQjtW4GykS0mR+SGlvVLsFM3Ny9IB4nAMwcKJBjHq82umLXDQ9tf7M+30\nPnE+/gjA8/ZyB6vJyAiZr9JEOaSVyfZdRwxKRXeyXVVdgn1sAcZviNpqm9rtLJ4B\nH+IaW124i9dU7r449+GQ2ygweFH9YrIxUOAl5huYcATQxukvz4xjmzj/1TjUPGvN\nhhV2sf/sb2Mi4Z8hD7MUGReI5x/5s1mA7EoWxUVkXOFfyrQl4a+/QDjFZIWfcO2l\nwst0FbStxyy5AAAAgFGC8BoC5RBpAnPhuXBUkqE4960Z0X5Ac3X++FzHyDHPlBZ0\nNVW9UknIF320RYzPazWBQVs57bYO83MPXa+gq+O08MgP2CWTU6TbWUbP2HQ7dOLd\n79Y0aT01+uJmewJYBndo5ZZVqTDhxknXR4WYL9733S9ItBDlta2fbuSodizeAAAA\ngQDJWgWu5Wj42ud551QrT9pWtu9vM02Um4j2n4t6W4bSLOirYLChD1MgtOzUJAzA\nVDbeEtf5N3CCGKCZP4H10z5r43xbYu3gFUdbN8Tkl2UPNO5gjYmdyaR2byV31+fH\n5WbGhZVYUXdQ/o1N3uKRxiokCkQbfM7KqggXYFGezn2AtQAAAIEA29aqrqsRkVZ0\nvbqZeLrxzN9VOK15jOgpGec5iSdtlV+Xn/4rPQqYcEmJ/auYCYxdaJ2SqpGFGl60\niJ6jmvcvmJo8TIZCrb0AAgclXZ/X/zLYgbxu5QKAmjq7toqorJuVpjB5C+kA9q7M\nVIijLTUFim3bqot3fiQcUSYGg28ivcMAAAAAAQID\n-----END OPENSSH PRIVATE KEY-----\n",
            "private_key_pem": "-----BEGIN RSA PRIVATE KEY-----\nMIIEogIBAAKCAQEArOjaXIf3hvEev6L+fzirfdklwimmDIsjdMXqIkkkENCkG6Qy\ncILTVzkCWWNk7C/YsNyflkGy4EjX9WSopUY0cEMWndPYJ6d0eGtDn3wzzMYMsiX2\n/04FF3Qx+Bxlx2WszQtJmqnlQowScxxQRUHB7tSXYYDhC2QG02/A6ZdxYKN6LSRv\nAl0gYiVmST+ewqGVkdxJQbfTu7MOh6LI+TWY+F8i+2ORXoktX4gHf4fJrmYwel0X\nfDi0FFD+RRuu5c36SjuuyAmmqNo6P0G2mVv4jqWhSMsZzG/plIgbig6zDJ1Th051\nEW1Yick4FFzeljMx9lDfeYgivNuYW1yChKiq3wIDAQABAoIBAH9zZ7k6055YztRs\n3XCDIg0yaV2T+3xVdv4VAD7jcL0gPUbOogtCs2sgb3XaCML7hZrgFJXZuXMO3nhY\nCONCO1bgbKRLSZH5IaW9UuwUzc3L0gHicAzBwokGMerza6YtcND21/sz7fQ+cT7+\nCMDz9nIHq8nICJmv0kQ5pJXJ9l1HDEpFd7JdVV2CfWwBxm+I2mqb2u0sngEf4hpb\nXbiL11Tuvjj34ZDbKDB4Uf1isjFQ4CXmG5hwBNDG6S/PjGObOP/VONQ8a82GFXax\n/+xvYyLhnyEPsxQZF4jnH/mzWYDsShbFRWRc4V/KtCXhr79AOMVkhZ9w7aXCy3QV\ntK3HLLkCgYEAyVoFruVo+NrneedUK0/aVrbvbzNNlJuI9p+LeluG0izoq2CwoQ9T\nILTs1CQMwFQ23hLX+TdwghigmT+B9dM+a+N8W2Lt4BVHWzfE5JdlDzTuYI2Jncmk\ndm8ld9fnx+VmxoWVWFF3UP6NTd7ikcYqJApEG3zOyqoIF2BRns59gLUCgYEA29aq\nrqsRkVZ0vbqZeLrxzN9VOK15jOgpGec5iSdtlV+Xn/4rPQqYcEmJ/auYCYxdaJ2S\nqpGFGl60iJ6jmvcvmJo8TIZCrb0AAgclXZ/X/zLYgbxu5QKAmjq7toqorJuVpjB5\nC+kA9q7MVIijLTUFim3bqot3fiQcUSYGg28ivcMCgYA1dWk83jvYloYOn5SBS1o0\n260GYSCf7AuZLxLhEZviAXpkxe8fU+pGLMMUL94S0kke/PHKgSWl5NP+3BWtJsDT\n9Dn4KXPuorenSE9GQcvbFbqUd/+pnPfFWg0gnHo1YHrBCoZ0RGzhXDQ4EI0nFu3p\nU7Bxe9mLhUlQq4oAF+LKYQKBgHlrfkgM2h4g10e3WW6yKj0SmPo97iWiUJkq+b9E\nFKVs780BUBZd1MYoB9wgu0+CxFC0vz4QM6jV5/aRUCGWJyatAWLuwMM+4VM9aSjl\n0SH1jllRnxpDoI4OpID04qa7JBNvMFwgrFSTRO3nreCZKV9EwA/ZCf2UqkMzsmND\nrbeLAoGAUYLwGgLlEGkCc+G5cFSSoTj3rRnRfkBzdf74XMfIMc+UFnQ1Vb1SScgX\nfbRFjM9rNYFBWznttg7zcw9dr6Cr47TwyA/YJZNTpNtZRs/YdDt04t3v1jRpPTX6\n4mZ7AlgGd2jlllWpMOHGSddHhZgv3vfdL0i0EOW1rZ9u5Kh2LN4=\n-----END RSA PRIVATE KEY-----\n",
            "private_key_pem_pkcs8": "-----BEGIN PRIVATE KEY-----\nMIIEvAIBADANBgkqhkiG9w0BAQEFAASCBKYwggSiAgEAAoIBAQCs6Npch/eG8R6/\nov5/OKt92SXCKaYMiyN0xeoiSSQQ0KQbpDJwgtNXOQJZY2TsL9iw3J+WQbLgSNf1\nZKilRjRwQxad09gnp3R4a0OffDPMxgyyJfb/TgUXdDH4HGXHZazNC0maqeVCjBJz\nHFBFQcHu1JdhgOELZAbTb8Dpl3Fgo3otJG8CXSBiJWZJP57CoZWR3ElBt9O7sw6H\nosj5NZj4XyL7Y5FeiS1fiAd/h8muZjB6XRd8OLQUUP5FG67lzfpKO67ICaao2jo/\nQbaZW/iOpaFIyxnMb+mUiBuKDrMMnVOHTnURbViJyTgUXN6WMzH2UN95iCK825hb\nXIKEqKrfAgMBAAECggEAf3NnuTrTnljO1GzdcIMiDTJpXZP7fFV2/hUAPuNwvSA9\nRs6iC0KzayBvddoIwvuFmuAUldm5cw7eeFgI40I7VuBspEtJkfkhpb1S7BTNzcvS\nAeJwDMHCiQYx6vNrpi1w0PbX+zPt9D5xPv4IwPP2cgerycgIma/SRDmklcn2XUcM\nSkV3sl1VXYJ9bAHGb4jaapva7SyeAR/iGltduIvXVO6+OPfhkNsoMHhR/WKyMVDg\nJeYbmHAE0MbpL8+MY5s4/9U41DxrzYYVdrH/7G9jIuGfIQ+zFBkXiOcf+bNZgOxK\nFsVFZFzhX8q0JeGvv0A4xWSFn3DtpcLLdBW0rccsuQKBgQDJWgWu5Wj42ud551Qr\nT9pWtu9vM02Um4j2n4t6W4bSLOirYLChD1MgtOzUJAzAVDbeEtf5N3CCGKCZP4H1\n0z5r43xbYu3gFUdbN8Tkl2UPNO5gjYmdyaR2byV31+fH5WbGhZVYUXdQ/o1N3uKR\nxiokCkQbfM7KqggXYFGezn2AtQKBgQDb1qquqxGRVnS9upl4uvHM31U4rXmM6CkZ\n5zmJJ22VX5ef/is9CphwSYn9q5gJjF1onZKqkYUaXrSInqOa9y+YmjxMhkKtvQAC\nByVdn9f/MtiBvG7lAoCaOru2iqism5WmMHkL6QD2rsxUiKMtNQWKbduqi3d+JBxR\nJgaDbyK9wwKBgDV1aTzeO9iWhg6flIFLWjTbrQZhIJ/sC5kvEuERm+IBemTF7x9T\n6kYswxQv3hLSSR788cqBJaXk0/7cFa0mwNP0Ofgpc+6it6dIT0ZBy9sVupR3/6mc\n98VaDSCcejVgesEKhnREbOFcNDgQjScW7elTsHF72YuFSVCrigAX4sphAoGAeWt+\nSAzaHiDXR7dZbrIqPRKY+j3uJaJQmSr5v0QUpWzvzQFQFl3UxigH3CC7T4LEULS/\nPhAzqNXn9pFQIZYnJq0BYu7Awz7hUz1pKOXRIfWOWVGfGkOgjg6kgPTiprskE28w\nXCCsVJNE7eet4JkpX0TAD9kJ/ZSqQzOyY0Ott4sCgYBRgvAaAuUQaQJz4blwVJKh\nOPetGdF+QHN1/vhcx8gxz5QWdDVVvVJJyBd9tEWMz2s1gUFbOe22DvNzD12voKvj\ntPDID9glk1Ok21lGz9h0O3Ti3e/WNGk9NfriZnsCWAZ3aOWWVakw4cZJ10eFmC/e\n990vSLQQ5bWtn27kqHYs3g==\n-----END PRIVATE KEY-----\n",
            "public_key_fingerprint_md5": "58:56:da:b2:cc:f0:75:01:a2:d7:ac:ce:52:53:59:df",
            "public_key_fingerprint_sha256": "SHA256:SpflzE9vAejaozuelJv2o7KAkCT17PjnO1PqO9/TRBg",
            "public_key_openssh": "ssh-rsa AAAAB3NzaC1yc2EAAAADAQABAAABAQCs6Npch/eG8R6/ov5/OKt92SXCKaYMiyN0xeoiSSQQ0KQbpDJwgtNXOQJZY2TsL9iw3J+WQbLgSNf1ZKilRjRwQxad09gnp3R4a0OffDPMxgyyJfb/TgUXdDH4HGXHZazNC0maqeVCjBJzHFBFQcHu1JdhgOELZAbTb8Dpl3Fgo3otJG8CXSBiJWZJP57CoZWR3ElBt9O7sw6Hosj5NZj4XyL7Y5FeiS1fiAd/h8muZjB6XRd8OLQUUP5FG67lzfpKO67ICaao2jo/QbaZW/iOpaFIyxnMb+mUiBuKDrMMnVOHTnURbViJyTgUXN6WMzH2UN95iCK825hbXIKEqKrf\n",
            "public_key_pem": "-----BEGIN PUBLIC KEY-----\nMIIBIjANBgkqhkiG9w0BAQEFAAOCAQ8AMIIBCgKCAQEArOjaXIf3hvEev6L+fzir\nfdklwimmDIsjdMXqIkkkENCkG6QycILTVzkCWWNk7C/YsNyflkGy4EjX9WSopUY0\ncEMWndPYJ6d0eGtDn3wzzMYMsiX2/04FF3Qx+Bxlx2WszQtJmqnlQowScxxQRUHB\n7tSXYYDhC2QG02/A6ZdxYKN6LSRvAl0gYiVmST+ewqGVkdxJQbfTu7MOh6LI+TWY\n+F8i+2ORXoktX4gHf4fJrmYwel0XfDi0FFD+RRuu5c36SjuuyAmmqNo6P0G2mVv4\njqWhSMsZzG/plIgbig6zDJ1Th051EW1Yick4FFzeljMx9lDfeYgivNuYW1yChKiq\n3wIDAQAB\n-----END PUBLIC KEY-----\n",
            "rsa_bits": 2048
          },
          "sensitive_attributes": []
        }
      ]
    },
    {
      "module": "module.eks",
      "mode": "managed",
      "type": "aws_eks_cluster",
      "name": "eks",
      "provider": "provider[\"registry.terraform.io/hashicorp/aws\"]",
      "instances": [
        {
          "schema_version": 0,
          "attributes": {
            "access_config": [
              {
                "authentication_mode": "CONFIG_MAP",
                "bootstrap_cluster_creator_admin_permissions": false
              }
            ],
            "arn": "arn:aws:eks:us-east-1:590183931315:cluster/eks_cluster",
            "certificate_authority": [
              {
                "data": "LS0tLS1CRUdJTiBDRVJUSUZJQ0FURS0tLS0tCk1JSURCVENDQWUyZ0F3SUJBZ0lJVVkzcndwejdWdDB3RFFZSktvWklodmNOQVFFTEJRQXdGVEVUTUJFR0ExVUUKQXhNS2EzVmlaWEp1WlhSbGN6QWVGdzB5TkRBeU1ERXhOakV4TkRKYUZ3MHpOREF4TWpreE5qRTJOREphTUJVeApFekFSQmdOVkJBTVRDbXQxWW1WeWJtVjBaWE13Z2dFaU1BMEdDU3FHU0liM0RRRUJBUVVBQTRJQkR3QXdnZ0VLCkFvSUJBUURxRmd3b3VNVGJZOEtvcmQ2Z0ZmeG12RkVKSWVJdHpZREtjVFRXQ0I0S0puSmQxbkM0V2puNDc3Qk4KRGRPSlpzelJxZzJXTzZjemNOSFJPUUFMNUd4QnEyd2l3bkt3bldOWW5ieXp3cGljc2htdUt5STZNTjUyVnd6awphVzJxb0ZCRzVTZ1ZRUU9jNmsrQ2RQMFUrS0lIMUhsOWZjVjlhaXNhQmdjUHBKUVBRbnVIbENuN3c4dTU5cEZYCkZoSVJXMU1nQkVyclorSjJJaDhmL1VVZlZYUS9wR09OUnoxdWRUM2hYOFZNZzVJWWU3czY0WUV0NjlNbVZFZmgKcnJsbTVkZi9EalVUMWUrT2JrcDF4MjNlcDV2YjdTU0FSWUdYRHNhNmpjTTY3Ly9mQjJQS2JCd3YycXNQYThrSQpzVk5vc285cVh4cUtITVBaSFNRTVZnKzdVbnd6QWdNQkFBR2pXVEJYTUE0R0ExVWREd0VCL3dRRUF3SUNwREFQCkJnTlZIUk1CQWY4RUJUQURBUUgvTUIwR0ExVWREZ1FXQkJROHczak4zbWFiRGRDK2JWYm55eEhMUG1HWmp6QVYKQmdOVkhSRUVEakFNZ2dwcmRXSmxjbTVsZEdWek1BMEdDU3FHU0liM0RRRUJDd1VBQTRJQkFRQkNjazE0OWU2bQpJd01QZitzeVdJNzRjNmJkcHh4a0lDZ1U5VmxKMnlLZ3Q0TGM4aUZWVzM0bHRSTG9xSExQcDF3bUZZZHRBVyt2ClNUWS9tTElnOUg4UFhGV20rWGFmYkt4WUxwQlNVREljT0l5S1lkbExKb2lXYVRyemtBZTc5QnZKTk9XR3NCMVAKbG5rRndzUVZ4RUNibHhKT0Rtd2R6QWpOeGRXMFFHZk1QeUJVZUZLQ1l2ZEFlZ3cyQ0o1VDVibmFSTmtMRFZYMgpRaUc3T2IzQUZTNUtOdXlaNEUxa3h3dE9yM1lNV1paQ0RVRC9mcThzRVBlUmtlUFlhOEZzaWVNMGFFOUJ4eU9xCko5M2o3UTUwL3lvTU12ZmkwN1BaNWFMWHFKdis4dEhDNW5NakVqcWdhLytON1FGckhUc1ZidnlpZWZJSHEyQmQKYk00Q2NZNEZZSytsCi0tLS0tRU5EIENFUlRJRklDQVRFLS0tLS0K"
              }
            ],
            "cluster_id": null,
            "created_at": "2024-02-01 16:12:03.087 +0000 UTC",
            "enabled_cluster_log_types": null,
            "encryption_config": [],
            "endpoint": "https://0FAE5F54232EB3538A20173D79D419B7.gr7.us-east-1.eks.amazonaws.com",
            "id": "eks_cluster",
            "identity": [
              {
                "oidc": [
                  {
                    "issuer": "https://oidc.eks.us-east-1.amazonaws.com/id/0FAE5F54232EB3538A20173D79D419B7"
                  }
                ]
              }
            ],
            "kubernetes_network_config": [
              {
                "ip_family": "ipv4",
                "service_ipv4_cidr": "172.20.0.0/16",
                "service_ipv6_cidr": ""
              }
            ],
            "name": "eks_cluster",
            "outpost_config": [],
            "platform_version": "eks.7",
            "role_arn": "arn:aws:iam::590183931315:role/eks-master",
            "status": "ACTIVE",
            "tags": {
              "Name": "eks"
            },
            "tags_all": {
              "Name": "eks"
            },
            "timeouts": null,
            "version": "1.28",
            "vpc_config": [
              {
                "cluster_security_group_id": "sg-047950e7fc7f6a634",
                "endpoint_private_access": true,
                "endpoint_public_access": true,
                "public_access_cidrs": [
                  "0.0.0.0/0"
                ],
                "security_group_ids": [
                  "sg-0933f8db6165c2bb9"
                ],
                "subnet_ids": [
                  "subnet-02cdff41dbb403042",
                  "subnet-037add8005444d895",
                  "subnet-0905daa574ee19bb0",
                  "subnet-0eb3ff3cacfb1b2c2"
                ],
                "vpc_id": "vpc-0f28fe8fd3134749a"
              }
            ]
          },
          "sensitive_attributes": [],
          "private": "eyJlMmJmYjczMC1lY2FhLTExZTYtOGY4OC0zNDM2M2JjN2M0YzAiOnsiY3JlYXRlIjoxODAwMDAwMDAwMDAwLCJkZWxldGUiOjkwMDAwMDAwMDAwMCwidXBkYXRlIjozNjAwMDAwMDAwMDAwfX0=",
          "dependencies": [
            "module.eks.aws_iam_role.master",
            "module.eks.aws_iam_role_policy_attachment.AmazonEKSClusterPolicy",
            "module.eks.aws_iam_role_policy_attachment.AmazonEKSServicePolicy",
            "module.eks.aws_security_group.worker_sg",
            "module.network.aws_subnet.private_subnet_1",
            "module.network.aws_subnet.private_subnet_2",
            "module.network.aws_subnet.public_subnet_1",
            "module.network.aws_subnet.public_subnet_2",
            "module.network.aws_vpc.myvpc"
          ]
        }
      ]
    },
    {
      "module": "module.eks",
      "mode": "managed",
      "type": "aws_eks_node_group",
      "name": "private-ng",
      "provider": "provider[\"registry.terraform.io/hashicorp/aws\"]",
      "instances": [
        {
          "schema_version": 0,
          "attributes": {
            "ami_type": "AL2_x86_64",
            "arn": "arn:aws:eks:us-east-1:590183931315:nodegroup/eks_cluster/private_ng/c8c6b2bc-95d6-4fdf-c65e-01f25e812327",
            "capacity_type": "ON_DEMAND",
            "cluster_name": "eks_cluster",
            "disk_size": 20,
            "force_update_version": false,
            "id": "eks_cluster:private_ng",
            "instance_types": [
              "t3.small"
            ],
            "labels": null,
            "launch_template": [],
            "node_group_name": "private_ng",
            "node_group_name_prefix": "",
            "node_role_arn": "arn:aws:iam::590183931315:role/eks-worker",
            "release_version": "1.28.5-20240129",
            "remote_access": [
              {
                "ec2_ssh_key": "private_key_pair",
                "source_security_group_ids": null
              }
            ],
            "resources": [
              {
                "autoscaling_groups": [
                  {
                    "name": "eks-private_ng-c8c6b2bc-95d6-4fdf-c65e-01f25e812327"
                  }
                ],
                "remote_access_security_group_id": "sg-0013014a9c576e012"
              }
            ],
            "scaling_config": [
              {
                "desired_size": 2,
                "max_size": 3,
                "min_size": 2
              }
            ],
            "status": "ACTIVE",
            "subnet_ids": [
              "subnet-02cdff41dbb403042",
              "subnet-0eb3ff3cacfb1b2c2"
            ],
            "tags": {
              "name": "worker-node-1"
            },
            "tags_all": {
              "name": "worker-node-1"
            },
            "taint": [],
            "timeouts": null,
            "update_config": [
              {
                "max_unavailable": 1,
                "max_unavailable_percentage": 0
              }
            ],
            "version": "1.28"
          },
          "sensitive_attributes": [],
          "private": "eyJlMmJmYjczMC1lY2FhLTExZTYtOGY4OC0zNDM2M2JjN2M0YzAiOnsiY3JlYXRlIjozNjAwMDAwMDAwMDAwLCJkZWxldGUiOjM2MDAwMDAwMDAwMDAsInVwZGF0ZSI6MzYwMDAwMDAwMDAwMH19",
          "dependencies": [
            "module.eks.aws_eks_cluster.eks",
            "module.eks.aws_iam_role.master",
            "module.eks.aws_iam_role.worker",
            "module.eks.aws_iam_role_policy_attachment.AmazonEBSCSIDriverPolicy",
            "module.eks.aws_iam_role_policy_attachment.AmazonEC2ContainerRegistryReadOnly",
            "module.eks.aws_iam_role_policy_attachment.AmazonEKSClusterPolicy",
            "module.eks.aws_iam_role_policy_attachment.AmazonEKSServicePolicy",
            "module.eks.aws_iam_role_policy_attachment.AmazonEKSWorkerNodePolicy",
            "module.eks.aws_iam_role_policy_attachment.AmazonEKS_CNI_Policy",
            "module.eks.aws_security_group.worker_sg",
            "module.network.aws_subnet.private_subnet_1",
            "module.network.aws_subnet.private_subnet_2",
            "module.network.aws_subnet.public_subnet_1",
            "module.network.aws_subnet.public_subnet_2",
            "module.network.aws_vpc.myvpc"
          ]
        }
      ]
    },
    {
      "module": "module.eks",
      "mode": "managed",
      "type": "aws_iam_instance_profile",
      "name": "worker",
      "provider": "provider[\"registry.terraform.io/hashicorp/aws\"]",
      "instances": [
        {
          "schema_version": 0,
          "attributes": {
            "arn": "arn:aws:iam::590183931315:instance-profile/eks-worker-new-profile",
            "create_date": "2024-02-01T16:11:49Z",
            "id": "eks-worker-new-profile",
            "name": "eks-worker-new-profile",
            "name_prefix": "",
            "path": "/",
            "role": "eks-worker",
            "tags": null,
            "tags_all": {},
            "unique_id": "AIPAYS2NUDWZ7P5FRAWPX"
          },
          "sensitive_attributes": [],
          "private": "bnVsbA==",
          "dependencies": [
            "module.eks.aws_iam_role.worker"
          ]
        }
      ]
    },
    {
      "module": "module.eks",
      "mode": "managed",
      "type": "aws_iam_role",
      "name": "master",
      "provider": "provider[\"registry.terraform.io/hashicorp/aws\"]",
      "instances": [
        {
          "schema_version": 0,
          "attributes": {
            "arn": "arn:aws:iam::590183931315:role/eks-master",
            "assume_role_policy": "{\"Statement\":[{\"Action\":\"sts:AssumeRole\",\"Effect\":\"Allow\",\"Principal\":{\"Service\":\"eks.amazonaws.com\"}}],\"Version\":\"2012-10-17\"}",
            "create_date": "2024-02-01T16:11:48Z",
            "description": "",
            "force_detach_policies": false,
            "id": "eks-master",
            "inline_policy": [],
            "managed_policy_arns": [],
            "max_session_duration": 3600,
            "name": "eks-master",
            "name_prefix": "",
            "path": "/",
            "permissions_boundary": "",
            "tags": null,
            "tags_all": {},
            "unique_id": "AROAYS2NUDWZXNAEAMB5W"
          },
          "sensitive_attributes": [],
          "private": "bnVsbA=="
        }
      ]
    },
    {
      "module": "module.eks",
      "mode": "managed",
      "type": "aws_iam_role",
      "name": "worker",
      "provider": "provider[\"registry.terraform.io/hashicorp/aws\"]",
      "instances": [
        {
          "schema_version": 0,
          "attributes": {
            "arn": "arn:aws:iam::590183931315:role/eks-worker",
            "assume_role_policy": "{\"Statement\":[{\"Action\":\"sts:AssumeRole\",\"Effect\":\"Allow\",\"Principal\":{\"Service\":\"ec2.amazonaws.com\"}}],\"Version\":\"2012-10-17\"}",
            "create_date": "2024-02-01T16:11:48Z",
            "description": "",
            "force_detach_policies": false,
            "id": "eks-worker",
            "inline_policy": [],
            "managed_policy_arns": [],
            "max_session_duration": 3600,
            "name": "eks-worker",
            "name_prefix": "",
            "path": "/",
            "permissions_boundary": "",
            "tags": null,
            "tags_all": {},
            "unique_id": "AROAYS2NUDWZQ7DFQOAAI"
          },
          "sensitive_attributes": [],
          "private": "bnVsbA=="
        }
      ]
    },
    {
      "module": "module.eks",
      "mode": "managed",
      "type": "aws_iam_role_policy_attachment",
      "name": "AmazonEBSCSIDriverPolicy",
      "provider": "provider[\"registry.terraform.io/hashicorp/aws\"]",
      "instances": [
        {
          "schema_version": 0,
          "attributes": {
            "id": "eks-worker-20240201161149906300000009",
            "policy_arn": "arn:aws:iam::aws:policy/service-role/AmazonEBSCSIDriverPolicy",
            "role": "eks-worker"
          },
          "sensitive_attributes": [],
          "private": "bnVsbA==",
          "dependencies": [
            "module.eks.aws_iam_role.worker"
          ]
        }
      ]
    },
    {
      "module": "module.eks",
      "mode": "managed",
      "type": "aws_iam_role_policy_attachment",
      "name": "AmazonEC2ContainerRegistryReadOnly",
      "provider": "provider[\"registry.terraform.io/hashicorp/aws\"]",
      "instances": [
        {
          "schema_version": 0,
          "attributes": {
            "id": "eks-worker-20240201161149596700000007",
            "policy_arn": "arn:aws:iam::aws:policy/AmazonEC2ContainerRegistryReadOnly",
            "role": "eks-worker"
          },
          "sensitive_attributes": [],
          "private": "bnVsbA==",
          "dependencies": [
            "module.eks.aws_iam_role.worker"
          ]
        }
      ]
    },
    {
      "module": "module.eks",
      "mode": "managed",
      "type": "aws_iam_role_policy_attachment",
      "name": "AmazonEKSClusterPolicy",
      "provider": "provider[\"registry.terraform.io/hashicorp/aws\"]",
      "instances": [
        {
          "schema_version": 0,
          "attributes": {
            "id": "eks-master-20240201161149173300000005",
            "policy_arn": "arn:aws:iam::aws:policy/AmazonEKSClusterPolicy",
            "role": "eks-master"
          },
          "sensitive_attributes": [],
          "private": "bnVsbA==",
          "dependencies": [
            "module.eks.aws_iam_role.master"
          ]
        }
      ]
    },
    {
      "module": "module.eks",
      "mode": "managed",
      "type": "aws_iam_role_policy_attachment",
      "name": "AmazonEKSServicePolicy",
      "provider": "provider[\"registry.terraform.io/hashicorp/aws\"]",
      "instances": [
        {
          "schema_version": 0,
          "attributes": {
            "id": "eks-master-20240201161149204400000006",
            "policy_arn": "arn:aws:iam::aws:policy/AmazonEKSServicePolicy",
            "role": "eks-master"
          },
          "sensitive_attributes": [],
          "private": "bnVsbA==",
          "dependencies": [
            "module.eks.aws_iam_role.master"
          ]
        }
      ]
    },
    {
      "module": "module.eks",
      "mode": "managed",
      "type": "aws_iam_role_policy_attachment",
      "name": "AmazonEKSWorkerNodePolicy",
      "provider": "provider[\"registry.terraform.io/hashicorp/aws\"]",
      "instances": [
        {
          "schema_version": 0,
          "attributes": {
            "id": "eks-worker-20240201161149811200000008",
            "policy_arn": "arn:aws:iam::aws:policy/AmazonEKSWorkerNodePolicy",
            "role": "eks-worker"
          },
          "sensitive_attributes": [],
          "private": "bnVsbA==",
          "dependencies": [
            "module.eks.aws_iam_role.worker"
          ]
        }
      ]
    },
    {
      "module": "module.eks",
      "mode": "managed",
      "type": "aws_iam_role_policy_attachment",
      "name": "AmazonEKS_CNI_Policy",
      "provider": "provider[\"registry.terraform.io/hashicorp/aws\"]",
      "instances": [
        {
          "schema_version": 0,
          "attributes": {
            "id": "eks-worker-2024020116114998800000000a",
            "policy_arn": "arn:aws:iam::aws:policy/AmazonEKS_CNI_Policy",
            "role": "eks-worker"
          },
          "sensitive_attributes": [],
          "private": "bnVsbA==",
          "dependencies": [
            "module.eks.aws_iam_role.worker"
          ]
        }
      ]
    },
    {
      "module": "module.eks",
      "mode": "managed",
      "type": "aws_security_group",
      "name": "worker_sg",
      "provider": "provider[\"registry.terraform.io/hashicorp/aws\"]",
      "instances": [
        {
          "schema_version": 1,
          "attributes": {
            "arn": "arn:aws:ec2:us-east-1:590183931315:security-group/sg-0933f8db6165c2bb9",
            "description": "Allow ssh inbound traffic",
            "egress": [
              {
                "cidr_blocks": [
                  "0.0.0.0/0"
                ],
                "description": "",
                "from_port": 0,
                "ipv6_cidr_blocks": [],
                "prefix_list_ids": [],
                "protocol": "-1",
                "security_groups": [],
                "self": false,
                "to_port": 0
              }
            ],
            "id": "sg-0933f8db6165c2bb9",
            "ingress": [
              {
                "cidr_blocks": [
                  "0.0.0.0/0"
                ],
                "description": "SSH from VPC",
                "from_port": 22,
                "ipv6_cidr_blocks": [],
                "prefix_list_ids": [],
                "protocol": "tcp",
                "security_groups": [],
                "self": false,
                "to_port": 22
              }
            ],
            "name": "worker_sg",
            "name_prefix": "",
            "owner_id": "590183931315",
            "revoke_rules_on_delete": false,
            "tags": {
              "Name": "allow_ssh"
            },
            "tags_all": {
              "Name": "allow_ssh"
            },
            "timeouts": null,
            "vpc_id": "vpc-0f28fe8fd3134749a"
          },
          "sensitive_attributes": [],
          "private": "eyJlMmJmYjczMC1lY2FhLTExZTYtOGY4OC0zNDM2M2JjN2M0YzAiOnsiY3JlYXRlIjo2MDAwMDAwMDAwMDAsImRlbGV0ZSI6OTAwMDAwMDAwMDAwfSwic2NoZW1hX3ZlcnNpb24iOiIxIn0=",
          "dependencies": [
            "module.network.aws_vpc.myvpc"
          ]
        }
      ]
    },
    {
      "module": "module.network",
      "mode": "managed",
      "type": "aws_eip",
      "name": "lb",
      "provider": "provider[\"registry.terraform.io/hashicorp/aws\"]",
      "instances": [
        {
          "schema_version": 0,
          "attributes": {
            "address": null,
            "allocation_id": "eipalloc-00c7cc60bacce3daa",
            "associate_with_private_ip": null,
            "association_id": "",
            "carrier_ip": "",
            "customer_owned_ip": "",
            "customer_owned_ipv4_pool": "",
            "domain": "vpc",
            "id": "eipalloc-00c7cc60bacce3daa",
            "instance": "",
            "network_border_group": "us-east-1",
            "network_interface": "",
            "private_dns": null,
            "private_ip": "",
            "public_dns": "ec2-54-235-63-187.compute-1.amazonaws.com",
            "public_ip": "54.235.63.187",
            "public_ipv4_pool": "amazon",
            "tags": null,
            "tags_all": {},
            "timeouts": null,
            "vpc": true
          },
          "sensitive_attributes": [],
          "private": "eyJlMmJmYjczMC1lY2FhLTExZTYtOGY4OC0zNDM2M2JjN2M0YzAiOnsiZGVsZXRlIjoxODAwMDAwMDAwMDAsInJlYWQiOjkwMDAwMDAwMDAwMCwidXBkYXRlIjozMDAwMDAwMDAwMDB9fQ==",
          "dependencies": [
            "module.network.aws_internet_gateway.gw",
            "module.network.aws_vpc.myvpc"
          ]
        }
      ]
    },
    {
      "module": "module.network",
      "mode": "managed",
      "type": "aws_internet_gateway",
      "name": "gw",
      "provider": "provider[\"registry.terraform.io/hashicorp/aws\"]",
      "instances": [
        {
          "schema_version": 0,
          "attributes": {
            "arn": "arn:aws:ec2:us-east-1:590183931315:internet-gateway/igw-088b9f1199e2b93cf",
            "id": "igw-088b9f1199e2b93cf",
            "owner_id": "590183931315",
            "tags": {
              "Name": "main"
            },
            "tags_all": {
              "Name": "main"
            },
            "timeouts": null,
            "vpc_id": "vpc-0f28fe8fd3134749a"
          },
          "sensitive_attributes": [],
          "private": "eyJlMmJmYjczMC1lY2FhLTExZTYtOGY4OC0zNDM2M2JjN2M0YzAiOnsiY3JlYXRlIjoxMjAwMDAwMDAwMDAwLCJkZWxldGUiOjEyMDAwMDAwMDAwMDAsInVwZGF0ZSI6MTIwMDAwMDAwMDAwMH19",
          "dependencies": [
            "module.network.aws_vpc.myvpc"
          ]
        }
      ]
    },
    {
      "module": "module.network",
      "mode": "managed",
      "type": "aws_nat_gateway",
      "name": "nat_gw",
      "provider": "provider[\"registry.terraform.io/hashicorp/aws\"]",
      "instances": [
        {
          "schema_version": 0,
          "attributes": {
            "allocation_id": "eipalloc-00c7cc60bacce3daa",
            "association_id": "eipassoc-0568f05595ce07630",
            "connectivity_type": "public",
            "id": "nat-03e5ce8bc2add3c0d",
            "network_interface_id": "eni-02d27b7e4f37a0779",
            "private_ip": "10.0.1.6",
            "public_ip": "54.235.63.187",
            "secondary_allocation_ids": null,
            "secondary_private_ip_address_count": 0,
            "secondary_private_ip_addresses": [],
            "subnet_id": "subnet-037add8005444d895",
            "tags": {
              "Name": "gw NAT"
            },
            "tags_all": {
              "Name": "gw NAT"
            },
            "timeouts": null
          },
          "sensitive_attributes": [],
          "private": "eyJlMmJmYjczMC1lY2FhLTExZTYtOGY4OC0zNDM2M2JjN2M0YzAiOnsiY3JlYXRlIjo2MDAwMDAwMDAwMDAsImRlbGV0ZSI6MTgwMDAwMDAwMDAwMCwidXBkYXRlIjo2MDAwMDAwMDAwMDB9fQ==",
          "dependencies": [
            "module.network.aws_eip.lb",
            "module.network.aws_internet_gateway.gw",
            "module.network.aws_subnet.public_subnet_1",
            "module.network.aws_vpc.myvpc"
          ]
        }
      ]
    },
    {
      "module": "module.network",
      "mode": "managed",
      "type": "aws_route",
      "name": "private_route",
      "provider": "provider[\"registry.terraform.io/hashicorp/aws\"]",
      "instances": [
        {
          "schema_version": 0,
          "attributes": {
            "carrier_gateway_id": "",
            "core_network_arn": "",
            "destination_cidr_block": "0.0.0.0/0",
            "destination_ipv6_cidr_block": "",
            "destination_prefix_list_id": "",
            "egress_only_gateway_id": "",
            "gateway_id": "",
            "id": "r-rtb-044530de05c0715c21080289494",
            "instance_id": "",
            "instance_owner_id": "",
            "local_gateway_id": "",
            "nat_gateway_id": "nat-03e5ce8bc2add3c0d",
            "network_interface_id": "",
            "origin": "CreateRoute",
            "route_table_id": "rtb-044530de05c0715c2",
            "state": "active",
            "timeouts": null,
            "transit_gateway_id": "",
            "vpc_endpoint_id": "",
            "vpc_peering_connection_id": ""
          },
          "sensitive_attributes": [],
          "private": "eyJlMmJmYjczMC1lY2FhLTExZTYtOGY4OC0zNDM2M2JjN2M0YzAiOnsiY3JlYXRlIjozMDAwMDAwMDAwMDAsImRlbGV0ZSI6MzAwMDAwMDAwMDAwLCJ1cGRhdGUiOjEyMDAwMDAwMDAwMH19",
          "dependencies": [
            "module.network.aws_eip.lb",
            "module.network.aws_internet_gateway.gw",
            "module.network.aws_nat_gateway.nat_gw",
            "module.network.aws_route_table.private",
            "module.network.aws_subnet.public_subnet_1",
            "module.network.aws_vpc.myvpc"
          ]
        }
      ]
    },
    {
      "module": "module.network",
      "mode": "managed",
      "type": "aws_route",
      "name": "public_route",
      "provider": "provider[\"registry.terraform.io/hashicorp/aws\"]",
      "instances": [
        {
          "schema_version": 0,
          "attributes": {
            "carrier_gateway_id": "",
            "core_network_arn": "",
            "destination_cidr_block": "0.0.0.0/0",
            "destination_ipv6_cidr_block": "",
            "destination_prefix_list_id": "",
            "egress_only_gateway_id": "",
            "gateway_id": "igw-088b9f1199e2b93cf",
            "id": "r-rtb-011dd9bd52819cdd21080289494",
            "instance_id": "",
            "instance_owner_id": "",
            "local_gateway_id": "",
            "nat_gateway_id": "",
            "network_interface_id": "",
            "origin": "CreateRoute",
            "route_table_id": "rtb-011dd9bd52819cdd2",
            "state": "active",
            "timeouts": null,
            "transit_gateway_id": "",
            "vpc_endpoint_id": "",
            "vpc_peering_connection_id": ""
          },
          "sensitive_attributes": [],
          "private": "eyJlMmJmYjczMC1lY2FhLTExZTYtOGY4OC0zNDM2M2JjN2M0YzAiOnsiY3JlYXRlIjozMDAwMDAwMDAwMDAsImRlbGV0ZSI6MzAwMDAwMDAwMDAwLCJ1cGRhdGUiOjEyMDAwMDAwMDAwMH19",
          "dependencies": [
            "module.network.aws_internet_gateway.gw",
            "module.network.aws_route_table.public",
            "module.network.aws_vpc.myvpc"
          ]
        }
      ]
    },
    {
      "module": "module.network",
      "mode": "managed",
      "type": "aws_route_table",
      "name": "private",
      "provider": "provider[\"registry.terraform.io/hashicorp/aws\"]",
      "instances": [
        {
          "schema_version": 0,
          "attributes": {
            "arn": "arn:aws:ec2:us-east-1:590183931315:route-table/rtb-044530de05c0715c2",
            "id": "rtb-044530de05c0715c2",
            "owner_id": "590183931315",
            "propagating_vgws": [],
            "route": [],
            "tags": {
              "Name": "private_route"
            },
            "tags_all": {
              "Name": "private_route"
            },
            "timeouts": null,
            "vpc_id": "vpc-0f28fe8fd3134749a"
          },
          "sensitive_attributes": [],
          "private": "eyJlMmJmYjczMC1lY2FhLTExZTYtOGY4OC0zNDM2M2JjN2M0YzAiOnsiY3JlYXRlIjozMDAwMDAwMDAwMDAsImRlbGV0ZSI6MzAwMDAwMDAwMDAwLCJ1cGRhdGUiOjEyMDAwMDAwMDAwMH19",
          "dependencies": [
            "module.network.aws_vpc.myvpc"
          ]
        }
      ]
    },
    {
      "module": "module.network",
      "mode": "managed",
      "type": "aws_route_table",
      "name": "public",
      "provider": "provider[\"registry.terraform.io/hashicorp/aws\"]",
      "instances": [
        {
          "schema_version": 0,
          "attributes": {
            "arn": "arn:aws:ec2:us-east-1:590183931315:route-table/rtb-011dd9bd52819cdd2",
            "id": "rtb-011dd9bd52819cdd2",
            "owner_id": "590183931315",
            "propagating_vgws": [],
            "route": [],
            "tags": {
              "Name": "public_route"
            },
            "tags_all": {
              "Name": "public_route"
            },
            "timeouts": null,
            "vpc_id": "vpc-0f28fe8fd3134749a"
          },
          "sensitive_attributes": [],
          "private": "eyJlMmJmYjczMC1lY2FhLTExZTYtOGY4OC0zNDM2M2JjN2M0YzAiOnsiY3JlYXRlIjozMDAwMDAwMDAwMDAsImRlbGV0ZSI6MzAwMDAwMDAwMDAwLCJ1cGRhdGUiOjEyMDAwMDAwMDAwMH19",
          "dependencies": [
            "module.network.aws_vpc.myvpc"
          ]
        }
      ]
    },
    {
      "module": "module.network",
      "mode": "managed",
      "type": "aws_route_table_association",
      "name": "private_subnet_1",
      "provider": "provider[\"registry.terraform.io/hashicorp/aws\"]",
      "instances": [
        {
          "schema_version": 0,
          "attributes": {
            "gateway_id": "",
            "id": "rtbassoc-04caebcaa6316b997",
            "route_table_id": "rtb-044530de05c0715c2",
            "subnet_id": "subnet-0eb3ff3cacfb1b2c2",
            "timeouts": null
          },
          "sensitive_attributes": [],
          "private": "eyJlMmJmYjczMC1lY2FhLTExZTYtOGY4OC0zNDM2M2JjN2M0YzAiOnsiY3JlYXRlIjozMDAwMDAwMDAwMDAsImRlbGV0ZSI6MzAwMDAwMDAwMDAwLCJ1cGRhdGUiOjEyMDAwMDAwMDAwMH19",
          "dependencies": [
            "module.network.aws_route_table.private",
            "module.network.aws_subnet.private_subnet_1",
            "module.network.aws_vpc.myvpc"
          ]
        }
      ]
    },
    {
      "module": "module.network",
      "mode": "managed",
      "type": "aws_route_table_association",
      "name": "private_subnet_2",
      "provider": "provider[\"registry.terraform.io/hashicorp/aws\"]",
      "instances": [
        {
          "schema_version": 0,
          "attributes": {
            "gateway_id": "",
            "id": "rtbassoc-0def696f6219bd1c1",
            "route_table_id": "rtb-044530de05c0715c2",
            "subnet_id": "subnet-02cdff41dbb403042",
            "timeouts": null
          },
          "sensitive_attributes": [],
          "private": "eyJlMmJmYjczMC1lY2FhLTExZTYtOGY4OC0zNDM2M2JjN2M0YzAiOnsiY3JlYXRlIjozMDAwMDAwMDAwMDAsImRlbGV0ZSI6MzAwMDAwMDAwMDAwLCJ1cGRhdGUiOjEyMDAwMDAwMDAwMH19",
          "dependencies": [
            "module.network.aws_route_table.private",
            "module.network.aws_subnet.private_subnet_2",
            "module.network.aws_vpc.myvpc"
          ]
        }
      ]
    },
    {
      "module": "module.network",
      "mode": "managed",
      "type": "aws_route_table_association",
      "name": "public_subnet_1",
      "provider": "provider[\"registry.terraform.io/hashicorp/aws\"]",
      "instances": [
        {
          "schema_version": 0,
          "attributes": {
            "gateway_id": "",
            "id": "rtbassoc-0ea357fbb7155bff1",
            "route_table_id": "rtb-011dd9bd52819cdd2",
            "subnet_id": "subnet-037add8005444d895",
            "timeouts": null
          },
          "sensitive_attributes": [],
          "private": "eyJlMmJmYjczMC1lY2FhLTExZTYtOGY4OC0zNDM2M2JjN2M0YzAiOnsiY3JlYXRlIjozMDAwMDAwMDAwMDAsImRlbGV0ZSI6MzAwMDAwMDAwMDAwLCJ1cGRhdGUiOjEyMDAwMDAwMDAwMH19",
          "dependencies": [
            "module.network.aws_route_table.public",
            "module.network.aws_subnet.public_subnet_1",
            "module.network.aws_vpc.myvpc"
          ]
        }
      ]
    },
    {
      "module": "module.network",
      "mode": "managed",
      "type": "aws_route_table_association",
      "name": "public_subnet_2",
      "provider": "provider[\"registry.terraform.io/hashicorp/aws\"]",
      "instances": [
        {
          "schema_version": 0,
          "attributes": {
            "gateway_id": "",
            "id": "rtbassoc-07fbe9ff3bb9aba00",
            "route_table_id": "rtb-011dd9bd52819cdd2",
            "subnet_id": "subnet-0905daa574ee19bb0",
            "timeouts": null
          },
          "sensitive_attributes": [],
          "private": "eyJlMmJmYjczMC1lY2FhLTExZTYtOGY4OC0zNDM2M2JjN2M0YzAiOnsiY3JlYXRlIjozMDAwMDAwMDAwMDAsImRlbGV0ZSI6MzAwMDAwMDAwMDAwLCJ1cGRhdGUiOjEyMDAwMDAwMDAwMH19",
          "dependencies": [
            "module.network.aws_route_table.public",
            "module.network.aws_subnet.public_subnet_2",
            "module.network.aws_vpc.myvpc"
          ]
        }
      ]
    },
    {
      "module": "module.network",
      "mode": "managed",
      "type": "aws_subnet",
      "name": "private_subnet_1",
      "provider": "provider[\"registry.terraform.io/hashicorp/aws\"]",
      "instances": [
        {
          "schema_version": 1,
          "attributes": {
            "arn": "arn:aws:ec2:us-east-1:590183931315:subnet/subnet-0eb3ff3cacfb1b2c2",
            "assign_ipv6_address_on_creation": false,
            "availability_zone": "us-east-1a",
            "availability_zone_id": "use1-az4",
            "cidr_block": "10.0.3.0/24",
            "customer_owned_ipv4_pool": "",
            "enable_dns64": false,
            "enable_lni_at_device_index": 0,
            "enable_resource_name_dns_a_record_on_launch": false,
            "enable_resource_name_dns_aaaa_record_on_launch": false,
            "id": "subnet-0eb3ff3cacfb1b2c2",
            "ipv6_cidr_block": "",
            "ipv6_cidr_block_association_id": "",
            "ipv6_native": false,
            "map_customer_owned_ip_on_launch": false,
            "map_public_ip_on_launch": false,
            "outpost_arn": "",
            "owner_id": "590183931315",
            "private_dns_hostname_type_on_launch": "ip-name",
            "tags": {
              "Name": "private_subnet_1"
            },
            "tags_all": {
              "Name": "private_subnet_1"
            },
            "timeouts": null,
            "vpc_id": "vpc-0f28fe8fd3134749a"
          },
          "sensitive_attributes": [],
          "private": "eyJlMmJmYjczMC1lY2FhLTExZTYtOGY4OC0zNDM2M2JjN2M0YzAiOnsiY3JlYXRlIjo2MDAwMDAwMDAwMDAsImRlbGV0ZSI6MTIwMDAwMDAwMDAwMH0sInNjaGVtYV92ZXJzaW9uIjoiMSJ9",
          "dependencies": [
            "module.network.aws_vpc.myvpc"
          ]
        }
      ]
    },
    {
      "module": "module.network",
      "mode": "managed",
      "type": "aws_subnet",
      "name": "private_subnet_2",
      "provider": "provider[\"registry.terraform.io/hashicorp/aws\"]",
      "instances": [
        {
          "schema_version": 1,
          "attributes": {
            "arn": "arn:aws:ec2:us-east-1:590183931315:subnet/subnet-02cdff41dbb403042",
            "assign_ipv6_address_on_creation": false,
            "availability_zone": "us-east-1b",
            "availability_zone_id": "use1-az6",
            "cidr_block": "10.0.4.0/24",
            "customer_owned_ipv4_pool": "",
            "enable_dns64": false,
            "enable_lni_at_device_index": 0,
            "enable_resource_name_dns_a_record_on_launch": false,
            "enable_resource_name_dns_aaaa_record_on_launch": false,
            "id": "subnet-02cdff41dbb403042",
            "ipv6_cidr_block": "",
            "ipv6_cidr_block_association_id": "",
            "ipv6_native": false,
            "map_customer_owned_ip_on_launch": false,
            "map_public_ip_on_launch": false,
            "outpost_arn": "",
            "owner_id": "590183931315",
            "private_dns_hostname_type_on_launch": "ip-name",
            "tags": {
              "Name": "private_subnet_2"
            },
            "tags_all": {
              "Name": "private_subnet_2"
            },
            "timeouts": null,
            "vpc_id": "vpc-0f28fe8fd3134749a"
          },
          "sensitive_attributes": [],
          "private": "eyJlMmJmYjczMC1lY2FhLTExZTYtOGY4OC0zNDM2M2JjN2M0YzAiOnsiY3JlYXRlIjo2MDAwMDAwMDAwMDAsImRlbGV0ZSI6MTIwMDAwMDAwMDAwMH0sInNjaGVtYV92ZXJzaW9uIjoiMSJ9",
          "dependencies": [
            "module.network.aws_vpc.myvpc"
          ]
        }
      ]
    },
    {
      "module": "module.network",
      "mode": "managed",
      "type": "aws_subnet",
      "name": "public_subnet_1",
      "provider": "provider[\"registry.terraform.io/hashicorp/aws\"]",
      "instances": [
        {
          "schema_version": 1,
          "attributes": {
            "arn": "arn:aws:ec2:us-east-1:590183931315:subnet/subnet-037add8005444d895",
            "assign_ipv6_address_on_creation": false,
            "availability_zone": "us-east-1a",
            "availability_zone_id": "use1-az4",
            "cidr_block": "10.0.1.0/24",
            "customer_owned_ipv4_pool": "",
            "enable_dns64": false,
            "enable_lni_at_device_index": 0,
            "enable_resource_name_dns_a_record_on_launch": false,
            "enable_resource_name_dns_aaaa_record_on_launch": false,
            "id": "subnet-037add8005444d895",
            "ipv6_cidr_block": "",
            "ipv6_cidr_block_association_id": "",
            "ipv6_native": false,
            "map_customer_owned_ip_on_launch": false,
            "map_public_ip_on_launch": true,
            "outpost_arn": "",
            "owner_id": "590183931315",
            "private_dns_hostname_type_on_launch": "ip-name",
            "tags": {
              "Name": "Public_subnet_1"
            },
            "tags_all": {
              "Name": "Public_subnet_1"
            },
            "timeouts": null,
            "vpc_id": "vpc-0f28fe8fd3134749a"
          },
          "sensitive_attributes": [],
          "private": "eyJlMmJmYjczMC1lY2FhLTExZTYtOGY4OC0zNDM2M2JjN2M0YzAiOnsiY3JlYXRlIjo2MDAwMDAwMDAwMDAsImRlbGV0ZSI6MTIwMDAwMDAwMDAwMH0sInNjaGVtYV92ZXJzaW9uIjoiMSJ9",
          "dependencies": [
            "module.network.aws_vpc.myvpc"
          ]
        }
      ]
    },
    {
      "module": "module.network",
      "mode": "managed",
      "type": "aws_subnet",
      "name": "public_subnet_2",
      "provider": "provider[\"registry.terraform.io/hashicorp/aws\"]",
      "instances": [
        {
          "schema_version": 1,
          "attributes": {
            "arn": "arn:aws:ec2:us-east-1:590183931315:subnet/subnet-0905daa574ee19bb0",
            "assign_ipv6_address_on_creation": false,
            "availability_zone": "us-east-1b",
            "availability_zone_id": "use1-az6",
            "cidr_block": "10.0.2.0/24",
            "customer_owned_ipv4_pool": "",
            "enable_dns64": false,
            "enable_lni_at_device_index": 0,
            "enable_resource_name_dns_a_record_on_launch": false,
            "enable_resource_name_dns_aaaa_record_on_launch": false,
            "id": "subnet-0905daa574ee19bb0",
            "ipv6_cidr_block": "",
            "ipv6_cidr_block_association_id": "",
            "ipv6_native": false,
            "map_customer_owned_ip_on_launch": false,
            "map_public_ip_on_launch": true,
            "outpost_arn": "",
            "owner_id": "590183931315",
            "private_dns_hostname_type_on_launch": "ip-name",
            "tags": {
              "Name": "Public_subnet_2"
            },
            "tags_all": {
              "Name": "Public_subnet_2"
            },
            "timeouts": null,
            "vpc_id": "vpc-0f28fe8fd3134749a"
          },
          "sensitive_attributes": [],
          "private": "eyJlMmJmYjczMC1lY2FhLTExZTYtOGY4OC0zNDM2M2JjN2M0YzAiOnsiY3JlYXRlIjo2MDAwMDAwMDAwMDAsImRlbGV0ZSI6MTIwMDAwMDAwMDAwMH0sInNjaGVtYV92ZXJzaW9uIjoiMSJ9",
          "dependencies": [
            "module.network.aws_vpc.myvpc"
          ]
        }
      ]
    },
    {
      "module": "module.network",
      "mode": "managed",
      "type": "aws_vpc",
      "name": "myvpc",
      "provider": "provider[\"registry.terraform.io/hashicorp/aws\"]",
      "instances": [
        {
          "schema_version": 1,
          "attributes": {
            "arn": "arn:aws:ec2:us-east-1:590183931315:vpc/vpc-0f28fe8fd3134749a",
            "assign_generated_ipv6_cidr_block": false,
            "cidr_block": "10.0.0.0/16",
            "default_network_acl_id": "acl-07dbe959d25a35215",
            "default_route_table_id": "rtb-0ed7e872923f9c6e0",
            "default_security_group_id": "sg-09cdf0cf2e3e8a71f",
            "dhcp_options_id": "dopt-061aaa0d8714821cd",
            "enable_dns_hostnames": true,
            "enable_dns_support": true,
            "enable_network_address_usage_metrics": false,
            "id": "vpc-0f28fe8fd3134749a",
            "instance_tenancy": "default",
            "ipv4_ipam_pool_id": null,
            "ipv4_netmask_length": null,
            "ipv6_association_id": "",
            "ipv6_cidr_block": "",
            "ipv6_cidr_block_network_border_group": "",
            "ipv6_ipam_pool_id": "",
            "ipv6_netmask_length": 0,
            "main_route_table_id": "rtb-0ed7e872923f9c6e0",
            "owner_id": "590183931315",
            "tags": {
              "Name": "my-vpc"
            },
            "tags_all": {
              "Name": "my-vpc"
            }
          },
          "sensitive_attributes": [],
          "private": "eyJzY2hlbWFfdmVyc2lvbiI6IjEifQ=="
        }
      ]
    }
  ],
  "check_results": null
}
